
Microsoft Visual Studio Solution File, Format Version 12.00
# Visual Studio Version 16
VisualStudioVersion = 16.0.31624.102
MinimumVisualStudioVersion = 10.0.40219.1
Project("{FAE04EC0-301F-11D3-BF4B-00C04F79EFBC}") = "CIS2225_Assignment3_HollandaCP_Marianna", "CIS2225_Assignment3_HollandaCP_Marianna\CIS2225_Assignment3_HollandaCP_Marianna.csproj", "{75E618CF-7BC0-4CF2-ADF3-081C5AE8D443}"
EndProject
Global
	GlobalSection(SolutionConfigurationPlatforms) = preSolution
		Debug|Any CPU = Debug|Any CPU
		Release|Any CPU = Release|Any CPU
	EndGlobalSection
	GlobalSection(ProjectConfigurationPlatforms) = postSolution
		{75E618CF-7BC0-4CF2-ADF3-081C5AE8D443}.Debug|Any CPU.ActiveCfg = Debug|Any CPU
		{75E618CF-7BC0-4CF2-ADF3-081C5AE8D443}.Debug|Any CPU.Build.0 = Debug|Any CPU
		{75E618CF-7BC0-4CF2-ADF3-081C5AE8D443}.Release|Any CPU.ActiveCfg = Release|Any CPU
		{75E618CF-7BC0-4CF2-ADF3-081C5AE8D443}.Release|Any CPU.Build.0 = Release|Any CPU
	EndGlobalSection
	GlobalSection(SolutionProperties) = preSolution
		HideSolutionNode = FALSE
	EndGlobalSection
	GlobalSection(ExtensibilityGlobals) = postSolution
		SolutionGuid = {223D5E3A-C573-49D8-B9F0-66C7D657DF44}
	EndGlobalSection
EndGlobal
