
Microsoft Visual Studio Solution File, Format Version 12.00
# Visual Studio Version 16
VisualStudioVersion = 16.0.31624.102
MinimumVisualStudioVersion = 10.0.40219.1
Project("{FAE04EC0-301F-11D3-BF4B-00C04F79EFBC}") = "CIS2225_Assignment4_HollandaCP_Marianna", "CIS2225_Assignment4_HollandaCP_Marianna\CIS2225_Assignment4_HollandaCP_Marianna.csproj", "{4E2F50E2-EE18-4619-A7F6-5F9BBB04E84D}"
EndProject
Global
	GlobalSection(SolutionConfigurationPlatforms) = preSolution
		Debug|Any CPU = Debug|Any CPU
		Release|Any CPU = Release|Any CPU
	EndGlobalSection
	GlobalSection(ProjectConfigurationPlatforms) = postSolution
		{4E2F50E2-EE18-4619-A7F6-5F9BBB04E84D}.Debug|Any CPU.ActiveCfg = Debug|Any CPU
		{4E2F50E2-EE18-4619-A7F6-5F9BBB04E84D}.Debug|Any CPU.Build.0 = Debug|Any CPU
		{4E2F50E2-EE18-4619-A7F6-5F9BBB04E84D}.Release|Any CPU.ActiveCfg = Release|Any CPU
		{4E2F50E2-EE18-4619-A7F6-5F9BBB04E84D}.Release|Any CPU.Build.0 = Release|Any CPU
	EndGlobalSection
	GlobalSection(SolutionProperties) = preSolution
		HideSolutionNode = FALSE
	EndGlobalSection
	GlobalSection(ExtensibilityGlobals) = postSolution
		SolutionGuid = {FD833A9E-624A-4499-AEC5-D43FE0D47988}
	EndGlobalSection
EndGlobal
